lockfileVersion: '9.0'

settings:
  autoInstallPeers: true
  excludeLinksFromLockfile: false

importers:

  .:
    dependencies:
      swiper:
        specifier: ^11.2.4
        version: 11.2.4

packages:

  swiper@11.2.4:
    resolution: {integrity: sha512-DTtglrsFfMYytid+oNy4QI3t2N2+XhhwSYbnyOhlwBmvY8Bkoj3ombK1/b80w8vDpQ+Lqlnbm+0737+i32MrcA==}
    engines: {node: '>= 4.7.0'}

snapshots:

  swiper@11.2.4: {}
